
Microsoft Visual Studio Solution File, Format Version 12.00
# Visual Studio Version 16
VisualStudioVersion = 16.0.31410.357
MinimumVisualStudioVersion = 10.0.40219.1
Project("{FAE04EC0-301F-11D3-BF4B-00C04F79EFBC}") = "InterfazGUI", "InterfazGUI\InterfazGUI.csproj", "{DE7F078F-D87C-473C-A5D6-214B2D5AD9AE}"
	ProjectSection(ProjectDependencies) = postProject
		{41844BBF-AD97-44E2-A948-6E53453C68B1} = {41844BBF-AD97-44E2-A948-6E53453C68B1}
	EndProjectSection
EndProject
Project("{FAE04EC0-301F-11D3-BF4B-00C04F79EFBC}") = "ServiciosWCF", "ServiciosWCF\ServiciosWCF.csproj", "{41844BBF-AD97-44E2-A948-6E53453C68B1}"
EndProject
Global
	GlobalSection(SolutionConfigurationPlatforms) = preSolution
		Debug|Any CPU = Debug|Any CPU
		Release|Any CPU = Release|Any CPU
	EndGlobalSection
	GlobalSection(ProjectConfigurationPlatforms) = postSolution
		{DE7F078F-D87C-473C-A5D6-214B2D5AD9AE}.Debug|Any CPU.ActiveCfg = Debug|Any CPU
		{DE7F078F-D87C-473C-A5D6-214B2D5AD9AE}.Debug|Any CPU.Build.0 = Debug|Any CPU
		{DE7F078F-D87C-473C-A5D6-214B2D5AD9AE}.Release|Any CPU.ActiveCfg = Release|Any CPU
		{DE7F078F-D87C-473C-A5D6-214B2D5AD9AE}.Release|Any CPU.Build.0 = Release|Any CPU
		{41844BBF-AD97-44E2-A948-6E53453C68B1}.Debug|Any CPU.ActiveCfg = Debug|Any CPU
		{41844BBF-AD97-44E2-A948-6E53453C68B1}.Debug|Any CPU.Build.0 = Debug|Any CPU
		{41844BBF-AD97-44E2-A948-6E53453C68B1}.Release|Any CPU.ActiveCfg = Release|Any CPU
		{41844BBF-AD97-44E2-A948-6E53453C68B1}.Release|Any CPU.Build.0 = Release|Any CPU
	EndGlobalSection
	GlobalSection(SolutionProperties) = preSolution
		HideSolutionNode = FALSE
	EndGlobalSection
	GlobalSection(ExtensibilityGlobals) = postSolution
		SolutionGuid = {C155D3E2-4B65-4786-A962-19F1A212CE8C}
	EndGlobalSection
EndGlobal
